# THIS IS AN AUTOGENERATED FILE. DO NOT EDIT THIS FILE DIRECTLY.
# yarn lockfile v1


ajv@^5.1.1:
  version "5.2.2"
  resolved "https://registry.yarnpkg.com/ajv/-/ajv-5.2.2.tgz#47c68d69e86f5d953103b0074a9430dc63da5e39"
  dependencies:
    co "^4.6.0"
    fast-deep-equal "^1.0.0"
    json-schema-traverse "^0.3.0"
    json-stable-stringify "^1.0.1"

co@^4.6.0:
  version "4.6.0"
  resolved "https://registry.yarnpkg.com/co/-/co-4.6.0.tgz#6ea6bdf3d853ae54ccb8e47bfa0bf3f9031fb184"

complex.js@2.0.4:
  version "2.0.4"
  resolved "https://registry.yarnpkg.com/complex.js/-/complex.js-2.0.4.tgz#d8e7cfb9652d1e853e723386421c1a0ca7a48373"

decimal.js@7.2.3:
  version "7.2.3"
  resolved "https://registry.yarnpkg.com/decimal.js/-/decimal.js-7.2.3.tgz#6434c3b8a8c375780062fc633d0d2bbdb264cc78"

fast-deep-equal@^1.0.0:
  version "1.0.0"
  resolved "https://registry.yarnpkg.com/fast-deep-equal/-/fast-deep-equal-1.0.0.tgz#96256a3bc975595eb36d82e9929d060d893439ff"

fraction.js@4.0.2:
  version "4.0.2"
  resolved "https://registry.yarnpkg.com/fraction.js/-/fraction.js-4.0.2.tgz#0eae896626f334b1bde763371347a83b5575d7f0"

immutable@^3.8.1:
  version "3.8.1"
  resolved "https://registry.yarnpkg.com/immutable/-/immutable-3.8.1.tgz#200807f11ab0f72710ea485542de088075f68cd2"

is_js@^0.9.0:
  version "0.9.0"
  resolved "https://registry.yarnpkg.com/is_js/-/is_js-0.9.0.tgz#0ab94540502ba7afa24c856aa985561669e9c52d"

jStat@^1.6.1:
  version "1.7.0"
  resolved "https://registry.yarnpkg.com/jStat/-/jStat-1.7.0.tgz#31c49f93b5ae051e7ed67e7a40f6d8a20f85c334"

javascript-natural-sort@0.7.1:
  version "0.7.1"
  resolved "https://registry.yarnpkg.com/javascript-natural-sort/-/javascript-natural-sort-0.7.1.tgz#f9e2303d4507f6d74355a73664d1440fb5a0ef59"

json-schema-traverse@^0.3.0:
  version "0.3.1"
  resolved "https://registry.yarnpkg.com/json-schema-traverse/-/json-schema-traverse-0.3.1.tgz#349a6d44c53a51de89b40805c5d5e59b417d3340"

json-stable-stringify@^1.0.1:
  version "1.0.1"
  resolved "https://registry.yarnpkg.com/json-stable-stringify/-/json-stable-stringify-1.0.1.tgz#9a759d39c5f2ff503fd5300646ed445f88c4f9af"
  dependencies:
    jsonify "~0.0.0"

jsonify@~0.0.0:
  version "0.0.0"
  resolved "https://registry.yarnpkg.com/jsonify/-/jsonify-0.0.0.tgz#2c74b6ee41d93ca51b7b5aaee8f503631d252a73"

mathjs@^3.13.1:
  version "3.16.3"
  resolved "https://registry.yarnpkg.com/mathjs/-/mathjs-3.16.3.tgz#74f21d553d4cb1a82b480541ae1fcb0bd0f6f0aa"
  dependencies:
    complex.js "2.0.4"
    decimal.js "7.2.3"
    fraction.js "4.0.2"
    javascript-natural-sort "0.7.1"
    seed-random "2.2.0"
    tiny-emitter "2.0.0"
    typed-function "0.10.5"

moment@^2.18.1:
  version "2.18.1"
  resolved "https://registry.yarnpkg.com/moment/-/moment-2.18.1.tgz#c36193dd3ce1c2eed2adb7c802dbbc77a81b1c0f"

ramda@^0.24.0:
  version "0.24.1"
  resolved "https://registry.yarnpkg.com/ramda/-/ramda-0.24.1.tgz#c3b7755197f35b8dc3502228262c4c91ddb6b857"

seed-random@2.2.0:
  version "2.2.0"
  resolved "https://registry.yarnpkg.com/seed-random/-/seed-random-2.2.0.tgz#2a9b19e250a817099231a5b99a4daf80b7fbed54"

time-series-data-generator@^0.1.4:
  version "0.1.4"
  resolved "https://registry.yarnpkg.com/time-series-data-generator/-/time-series-data-generator-0.1.4.tgz#51800a1a24b047301cc675df90ac7ff30969a945"
  dependencies:
    ajv "^5.1.1"
    immutable "^3.8.1"
    is_js "^0.9.0"
    jStat "^1.6.1"
    mathjs "^3.13.1"
    moment "^2.18.1"
    ramda "^0.24.0"

tiny-emitter@2.0.0:
  version "2.0.0"
  resolved "https://registry.yarnpkg.com/tiny-emitter/-/tiny-emitter-2.0.0.tgz#bad327adb1804b42a231afa741532bd884cd09ad"

typed-function@0.10.5:
  version "0.10.5"
  resolved "https://registry.yarnpkg.com/typed-function/-/typed-function-0.10.5.tgz#2e0f18abd065219fab694a446a65c6d1981832c0"
